
Microsoft Visual Studio Solution File, Format Version 12.00
# Visual Studio Version 17
VisualStudioVersion = 17.0.31919.166
MinimumVisualStudioVersion = 10.0.40219.1
Project("{FAE04EC0-301F-11D3-BF4B-00C04F79EFBC}") = "25. Generics", "25. Generics\25. Generics.csproj", "{2A958CCB-FF3E-4EEC-BE15-E9535262F8F4}"
EndProject
Global
	GlobalSection(SolutionConfigurationPlatforms) = preSolution
		Debug|Any CPU = Debug|Any CPU
		Release|Any CPU = Release|Any CPU
	EndGlobalSection
	GlobalSection(ProjectConfigurationPlatforms) = postSolution
		{2A958CCB-FF3E-4EEC-BE15-E9535262F8F4}.Debug|Any CPU.ActiveCfg = Debug|Any CPU
		{2A958CCB-FF3E-4EEC-BE15-E9535262F8F4}.Debug|Any CPU.Build.0 = Debug|Any CPU
		{2A958CCB-FF3E-4EEC-BE15-E9535262F8F4}.Release|Any CPU.ActiveCfg = Release|Any CPU
		{2A958CCB-FF3E-4EEC-BE15-E9535262F8F4}.Release|Any CPU.Build.0 = Release|Any CPU
	EndGlobalSection
	GlobalSection(SolutionProperties) = preSolution
		HideSolutionNode = FALSE
	EndGlobalSection
	GlobalSection(ExtensibilityGlobals) = postSolution
		SolutionGuid = {B01A4211-85CB-499E-A2D0-61B442433304}
	EndGlobalSection
EndGlobal
