
Microsoft Visual Studio Solution File, Format Version 12.00
# Visual Studio Version 17
VisualStudioVersion = 17.0.31919.166
MinimumVisualStudioVersion = 10.0.40219.1
Project("{FAE04EC0-301F-11D3-BF4B-00C04F79EFBC}") = "22. Interface", "22. Interface\22. Interface.csproj", "{4BD353C0-2C79-4C11-848F-9605AFAFA7D3}"
EndProject
Global
	GlobalSection(SolutionConfigurationPlatforms) = preSolution
		Debug|Any CPU = Debug|Any CPU
		Release|Any CPU = Release|Any CPU
	EndGlobalSection
	GlobalSection(ProjectConfigurationPlatforms) = postSolution
		{4BD353C0-2C79-4C11-848F-9605AFAFA7D3}.Debug|Any CPU.ActiveCfg = Debug|Any CPU
		{4BD353C0-2C79-4C11-848F-9605AFAFA7D3}.Debug|Any CPU.Build.0 = Debug|Any CPU
		{4BD353C0-2C79-4C11-848F-9605AFAFA7D3}.Release|Any CPU.ActiveCfg = Release|Any CPU
		{4BD353C0-2C79-4C11-848F-9605AFAFA7D3}.Release|Any CPU.Build.0 = Release|Any CPU
	EndGlobalSection
	GlobalSection(SolutionProperties) = preSolution
		HideSolutionNode = FALSE
	EndGlobalSection
	GlobalSection(ExtensibilityGlobals) = postSolution
		SolutionGuid = {B8870EEE-CF95-4275-BB76-6A6AE0DE7766}
	EndGlobalSection
EndGlobal
