
Microsoft Visual Studio Solution File, Format Version 12.00
# Visual Studio Version 17
VisualStudioVersion = 17.0.31919.166
MinimumVisualStudioVersion = 10.0.40219.1
Project("{FAE04EC0-301F-11D3-BF4B-00C04F79EFBC}") = "32. Delegate Predicate", "32. Delegate Predicate\32. Delegate Predicate.csproj", "{3B309E4C-15D7-4983-B1F0-7A1EC8909397}"
EndProject
Global
	GlobalSection(SolutionConfigurationPlatforms) = preSolution
		Debug|Any CPU = Debug|Any CPU
		Release|Any CPU = Release|Any CPU
	EndGlobalSection
	GlobalSection(ProjectConfigurationPlatforms) = postSolution
		{3B309E4C-15D7-4983-B1F0-7A1EC8909397}.Debug|Any CPU.ActiveCfg = Debug|Any CPU
		{3B309E4C-15D7-4983-B1F0-7A1EC8909397}.Debug|Any CPU.Build.0 = Debug|Any CPU
		{3B309E4C-15D7-4983-B1F0-7A1EC8909397}.Release|Any CPU.ActiveCfg = Release|Any CPU
		{3B309E4C-15D7-4983-B1F0-7A1EC8909397}.Release|Any CPU.Build.0 = Release|Any CPU
	EndGlobalSection
	GlobalSection(SolutionProperties) = preSolution
		HideSolutionNode = FALSE
	EndGlobalSection
	GlobalSection(ExtensibilityGlobals) = postSolution
		SolutionGuid = {35E5DE62-7A63-47ED-A415-D5DA588C0391}
	EndGlobalSection
EndGlobal
