
Microsoft Visual Studio Solution File, Format Version 12.00
# Visual Studio Version 17
VisualStudioVersion = 17.0.31919.166
MinimumVisualStudioVersion = 10.0.40219.1
Project("{FAE04EC0-301F-11D3-BF4B-00C04F79EFBC}") = "11. Lista", "11. Lista\11. Lista.csproj", "{4A57E879-D354-4F1B-A0DC-F9006C3B83F0}"
EndProject
Global
	GlobalSection(SolutionConfigurationPlatforms) = preSolution
		Debug|Any CPU = Debug|Any CPU
		Release|Any CPU = Release|Any CPU
	EndGlobalSection
	GlobalSection(ProjectConfigurationPlatforms) = postSolution
		{4A57E879-D354-4F1B-A0DC-F9006C3B83F0}.Debug|Any CPU.ActiveCfg = Debug|Any CPU
		{4A57E879-D354-4F1B-A0DC-F9006C3B83F0}.Debug|Any CPU.Build.0 = Debug|Any CPU
		{4A57E879-D354-4F1B-A0DC-F9006C3B83F0}.Release|Any CPU.ActiveCfg = Release|Any CPU
		{4A57E879-D354-4F1B-A0DC-F9006C3B83F0}.Release|Any CPU.Build.0 = Release|Any CPU
	EndGlobalSection
	GlobalSection(SolutionProperties) = preSolution
		HideSolutionNode = FALSE
	EndGlobalSection
	GlobalSection(ExtensibilityGlobals) = postSolution
		SolutionGuid = {B26C15B7-2865-484A-B50F-2E5A9C0DDAC4}
	EndGlobalSection
EndGlobal
