
Microsoft Visual Studio Solution File, Format Version 12.00
# Visual Studio Version 17
VisualStudioVersion = 17.0.31919.166
MinimumVisualStudioVersion = 10.0.40219.1
Project("{FAE04EC0-301F-11D3-BF4B-00C04F79EFBC}") = "30. Dictionary", "30. Dictionary\30. Dictionary.csproj", "{57CAEDA1-9076-4F28-B52D-89015A8B93CA}"
EndProject
Global
	GlobalSection(SolutionConfigurationPlatforms) = preSolution
		Debug|Any CPU = Debug|Any CPU
		Release|Any CPU = Release|Any CPU
	EndGlobalSection
	GlobalSection(ProjectConfigurationPlatforms) = postSolution
		{57CAEDA1-9076-4F28-B52D-89015A8B93CA}.Debug|Any CPU.ActiveCfg = Debug|Any CPU
		{57CAEDA1-9076-4F28-B52D-89015A8B93CA}.Debug|Any CPU.Build.0 = Debug|Any CPU
		{57CAEDA1-9076-4F28-B52D-89015A8B93CA}.Release|Any CPU.ActiveCfg = Release|Any CPU
		{57CAEDA1-9076-4F28-B52D-89015A8B93CA}.Release|Any CPU.Build.0 = Release|Any CPU
	EndGlobalSection
	GlobalSection(SolutionProperties) = preSolution
		HideSolutionNode = FALSE
	EndGlobalSection
	GlobalSection(ExtensibilityGlobals) = postSolution
		SolutionGuid = {EEB68155-657F-46C8-873C-EA18C5EC3D95}
	EndGlobalSection
EndGlobal
