
Microsoft Visual Studio Solution File, Format Version 12.00
# Visual Studio Version 17
VisualStudioVersion = 17.0.31919.166
MinimumVisualStudioVersion = 10.0.40219.1
Project("{FAE04EC0-301F-11D3-BF4B-00C04F79EFBC}") = "8. Arrays", "8. Arrays\8. Arrays.csproj", "{178CC93D-4983-41A6-A1C5-935A9DC6BCCC}"
EndProject
Global
	GlobalSection(SolutionConfigurationPlatforms) = preSolution
		Debug|Any CPU = Debug|Any CPU
		Release|Any CPU = Release|Any CPU
	EndGlobalSection
	GlobalSection(ProjectConfigurationPlatforms) = postSolution
		{178CC93D-4983-41A6-A1C5-935A9DC6BCCC}.Debug|Any CPU.ActiveCfg = Debug|Any CPU
		{178CC93D-4983-41A6-A1C5-935A9DC6BCCC}.Debug|Any CPU.Build.0 = Debug|Any CPU
		{178CC93D-4983-41A6-A1C5-935A9DC6BCCC}.Release|Any CPU.ActiveCfg = Release|Any CPU
		{178CC93D-4983-41A6-A1C5-935A9DC6BCCC}.Release|Any CPU.Build.0 = Release|Any CPU
	EndGlobalSection
	GlobalSection(SolutionProperties) = preSolution
		HideSolutionNode = FALSE
	EndGlobalSection
	GlobalSection(ExtensibilityGlobals) = postSolution
		SolutionGuid = {732E83F6-2536-43F8-8B3C-D3F006891919}
	EndGlobalSection
EndGlobal
