
Microsoft Visual Studio Solution File, Format Version 12.00
# Visual Studio Version 17
VisualStudioVersion = 17.0.31919.166
MinimumVisualStudioVersion = 10.0.40219.1
Project("{FAE04EC0-301F-11D3-BF4B-00C04F79EFBC}") = "6. Construtores", "6. Construtores\6. Construtores.csproj", "{F88166EE-B423-4681-9B26-BE3D8F4334EF}"
EndProject
Global
	GlobalSection(SolutionConfigurationPlatforms) = preSolution
		Debug|Any CPU = Debug|Any CPU
		Release|Any CPU = Release|Any CPU
	EndGlobalSection
	GlobalSection(ProjectConfigurationPlatforms) = postSolution
		{F88166EE-B423-4681-9B26-BE3D8F4334EF}.Debug|Any CPU.ActiveCfg = Debug|Any CPU
		{F88166EE-B423-4681-9B26-BE3D8F4334EF}.Debug|Any CPU.Build.0 = Debug|Any CPU
		{F88166EE-B423-4681-9B26-BE3D8F4334EF}.Release|Any CPU.ActiveCfg = Release|Any CPU
		{F88166EE-B423-4681-9B26-BE3D8F4334EF}.Release|Any CPU.Build.0 = Release|Any CPU
	EndGlobalSection
	GlobalSection(SolutionProperties) = preSolution
		HideSolutionNode = FALSE
	EndGlobalSection
	GlobalSection(ExtensibilityGlobals) = postSolution
		SolutionGuid = {F943A9BB-BAEB-4C33-94C9-690AE11D84A2}
	EndGlobalSection
EndGlobal
