
Microsoft Visual Studio Solution File, Format Version 12.00
# Visual Studio Version 17
VisualStudioVersion = 17.0.31919.166
MinimumVisualStudioVersion = 10.0.40219.1
Project("{FAE04EC0-301F-11D3-BF4B-00C04F79EFBC}") = "12. Matriz", "12. Matriz\12. Matriz.csproj", "{DA7FAB04-66B1-4B26-9276-DA506267D914}"
EndProject
Global
	GlobalSection(SolutionConfigurationPlatforms) = preSolution
		Debug|Any CPU = Debug|Any CPU
		Release|Any CPU = Release|Any CPU
	EndGlobalSection
	GlobalSection(ProjectConfigurationPlatforms) = postSolution
		{DA7FAB04-66B1-4B26-9276-DA506267D914}.Debug|Any CPU.ActiveCfg = Debug|Any CPU
		{DA7FAB04-66B1-4B26-9276-DA506267D914}.Debug|Any CPU.Build.0 = Debug|Any CPU
		{DA7FAB04-66B1-4B26-9276-DA506267D914}.Release|Any CPU.ActiveCfg = Release|Any CPU
		{DA7FAB04-66B1-4B26-9276-DA506267D914}.Release|Any CPU.Build.0 = Release|Any CPU
	EndGlobalSection
	GlobalSection(SolutionProperties) = preSolution
		HideSolutionNode = FALSE
	EndGlobalSection
	GlobalSection(ExtensibilityGlobals) = postSolution
		SolutionGuid = {28704332-87CF-45BE-A44E-F469604F5DF0}
	EndGlobalSection
EndGlobal
