
Microsoft Visual Studio Solution File, Format Version 12.00
# Visual Studio Version 17
VisualStudioVersion = 17.0.31919.166
MinimumVisualStudioVersion = 10.0.40219.1
Project("{FAE04EC0-301F-11D3-BF4B-00C04F79EFBC}") = "15. Expressão Condicional Ternária", "15. Expressão Condicional Ternária\15. Expressão Condicional Ternária.csproj", "{C5BB14C3-E87A-43DC-A0A2-D800CE7876F1}"
EndProject
Global
	GlobalSection(SolutionConfigurationPlatforms) = preSolution
		Debug|Any CPU = Debug|Any CPU
		Release|Any CPU = Release|Any CPU
	EndGlobalSection
	GlobalSection(ProjectConfigurationPlatforms) = postSolution
		{C5BB14C3-E87A-43DC-A0A2-D800CE7876F1}.Debug|Any CPU.ActiveCfg = Debug|Any CPU
		{C5BB14C3-E87A-43DC-A0A2-D800CE7876F1}.Debug|Any CPU.Build.0 = Debug|Any CPU
		{C5BB14C3-E87A-43DC-A0A2-D800CE7876F1}.Release|Any CPU.ActiveCfg = Release|Any CPU
		{C5BB14C3-E87A-43DC-A0A2-D800CE7876F1}.Release|Any CPU.Build.0 = Release|Any CPU
	EndGlobalSection
	GlobalSection(SolutionProperties) = preSolution
		HideSolutionNode = FALSE
	EndGlobalSection
	GlobalSection(ExtensibilityGlobals) = postSolution
		SolutionGuid = {7E99F03D-4ABF-4093-9425-5B87BE54D6C9}
	EndGlobalSection
EndGlobal
