
Microsoft Visual Studio Solution File, Format Version 12.00
# Visual Studio Version 17
VisualStudioVersion = 17.0.31919.166
MinimumVisualStudioVersion = 10.0.40219.1
Project("{FAE04EC0-301F-11D3-BF4B-00C04F79EFBC}") = "28. HashSet", "28. HashSet\28. HashSet.csproj", "{6E90CE01-BF54-436B-8021-3D3F434D0A70}"
EndProject
Global
	GlobalSection(SolutionConfigurationPlatforms) = preSolution
		Debug|Any CPU = Debug|Any CPU
		Release|Any CPU = Release|Any CPU
	EndGlobalSection
	GlobalSection(ProjectConfigurationPlatforms) = postSolution
		{6E90CE01-BF54-436B-8021-3D3F434D0A70}.Debug|Any CPU.ActiveCfg = Debug|Any CPU
		{6E90CE01-BF54-436B-8021-3D3F434D0A70}.Debug|Any CPU.Build.0 = Debug|Any CPU
		{6E90CE01-BF54-436B-8021-3D3F434D0A70}.Release|Any CPU.ActiveCfg = Release|Any CPU
		{6E90CE01-BF54-436B-8021-3D3F434D0A70}.Release|Any CPU.Build.0 = Release|Any CPU
	EndGlobalSection
	GlobalSection(SolutionProperties) = preSolution
		HideSolutionNode = FALSE
	EndGlobalSection
	GlobalSection(ExtensibilityGlobals) = postSolution
		SolutionGuid = {487F2BB0-DA56-4B1F-BF01-B4AC61CA7632}
	EndGlobalSection
EndGlobal
