
Microsoft Visual Studio Solution File, Format Version 12.00
# Visual Studio Version 17
VisualStudioVersion = 17.0.31919.166
MinimumVisualStudioVersion = 10.0.40219.1
Project("{9A19103F-16F7-4668-BE54-9A1E7A4F7556}") = "04. Estrutura Repetitiva FOR", "04. Estrutura Repetitiva FOR\04. Estrutura Repetitiva FOR.csproj", "{10D42613-2608-43ED-8786-37343308BE62}"
EndProject
Global
	GlobalSection(SolutionConfigurationPlatforms) = preSolution
		Debug|Any CPU = Debug|Any CPU
		Release|Any CPU = Release|Any CPU
	EndGlobalSection
	GlobalSection(ProjectConfigurationPlatforms) = postSolution
		{10D42613-2608-43ED-8786-37343308BE62}.Debug|Any CPU.ActiveCfg = Debug|Any CPU
		{10D42613-2608-43ED-8786-37343308BE62}.Debug|Any CPU.Build.0 = Debug|Any CPU
		{10D42613-2608-43ED-8786-37343308BE62}.Release|Any CPU.ActiveCfg = Release|Any CPU
		{10D42613-2608-43ED-8786-37343308BE62}.Release|Any CPU.Build.0 = Release|Any CPU
	EndGlobalSection
	GlobalSection(SolutionProperties) = preSolution
		HideSolutionNode = FALSE
	EndGlobalSection
	GlobalSection(ExtensibilityGlobals) = postSolution
		SolutionGuid = {E159F153-3A29-421B-992E-5C695693F226}
	EndGlobalSection
EndGlobal
