
Microsoft Visual Studio Solution File, Format Version 12.00
# Visual Studio Version 17
VisualStudioVersion = 17.0.31919.166
MinimumVisualStudioVersion = 10.0.40219.1
Project("{FAE04EC0-301F-11D3-BF4B-00C04F79EFBC}") = "16. Enumerações", "16. Enumerações\16. Enumerações.csproj", "{3C88B015-9B23-40A7-96FE-42267F597C69}"
EndProject
Global
	GlobalSection(SolutionConfigurationPlatforms) = preSolution
		Debug|Any CPU = Debug|Any CPU
		Release|Any CPU = Release|Any CPU
	EndGlobalSection
	GlobalSection(ProjectConfigurationPlatforms) = postSolution
		{3C88B015-9B23-40A7-96FE-42267F597C69}.Debug|Any CPU.ActiveCfg = Debug|Any CPU
		{3C88B015-9B23-40A7-96FE-42267F597C69}.Debug|Any CPU.Build.0 = Debug|Any CPU
		{3C88B015-9B23-40A7-96FE-42267F597C69}.Release|Any CPU.ActiveCfg = Release|Any CPU
		{3C88B015-9B23-40A7-96FE-42267F597C69}.Release|Any CPU.Build.0 = Release|Any CPU
	EndGlobalSection
	GlobalSection(SolutionProperties) = preSolution
		HideSolutionNode = FALSE
	EndGlobalSection
	GlobalSection(ExtensibilityGlobals) = postSolution
		SolutionGuid = {E8ADD1F0-94F2-4614-8024-F88EB6DC4A12}
	EndGlobalSection
EndGlobal
